
Microsoft Visual Studio Solution File, Format Version 12.00
# Visual Studio 15
Project("{FAE04EC0-301F-11D3-BF4B-00C04F79EFBC}") = "Assembly-CSharp", "Assembly-CSharp.csproj", "{789342AF-2B2A-1159-F537-C87BD6718445}"
EndProject
Project("{FAE04EC0-301F-11D3-BF4B-00C04F79EFBC}") = "Assembly-CSharp-Editor", "Assembly-CSharp-Editor.csproj", "{F478AC09-CAA6-6791-ECED-05445F122A62}"
EndProject
Global
	GlobalSection(SolutionConfigurationPlatforms) = preSolution
		Debug|Any CPU = Debug|Any CPU
		Release|Any CPU = Release|Any CPU
	EndGlobalSection
	GlobalSection(ProjectConfigurationPlatforms) = postSolution
		{789342AF-2B2A-1159-F537-C87BD6718445}.Debug|Any CPU.ActiveCfg = Debug|Any CPU
		{789342AF-2B2A-1159-F537-C87BD6718445}.Debug|Any CPU.Build.0 = Debug|Any CPU
		{789342AF-2B2A-1159-F537-C87BD6718445}.Release|Any CPU.ActiveCfg = Release|Any CPU
		{789342AF-2B2A-1159-F537-C87BD6718445}.Release|Any CPU.Build.0 = Release|Any CPU
		{F478AC09-CAA6-6791-ECED-05445F122A62}.Debug|Any CPU.ActiveCfg = Debug|Any CPU
		{F478AC09-CAA6-6791-ECED-05445F122A62}.Debug|Any CPU.Build.0 = Debug|Any CPU
		{F478AC09-CAA6-6791-ECED-05445F122A62}.Release|Any CPU.ActiveCfg = Release|Any CPU
		{F478AC09-CAA6-6791-ECED-05445F122A62}.Release|Any CPU.Build.0 = Release|Any CPU
	EndGlobalSection
	GlobalSection(SolutionProperties) = preSolution
		HideSolutionNode = FALSE
	EndGlobalSection
EndGlobal
